
Microsoft Visual Studio Solution File, Format Version 12.00
# Visual Studio Version 16
VisualStudioVersion = 16.0.28822.285
MinimumVisualStudioVersion = 10.0.40219.1
Project("{2150E333-8FDC-42A3-9474-1A3956D46DE8}") = "Src", "Src", "{F475AA39-89DB-4F73-8DD0-BC5182FAF899}"
EndProject
Project("{2150E333-8FDC-42A3-9474-1A3956D46DE8}") = "Solution Items", "Solution Items", "{469782D3-5A9B-41C1-A584-B898DF6EB6B1}"
EndProject
Project("{2150E333-8FDC-42A3-9474-1A3956D46DE8}") = "test", "test", "{AD54736D-F4C6-458E-9FF9-1D7C5C7F5386}"
EndProject
Project("{2150E333-8FDC-42A3-9474-1A3956D46DE8}") = "tests", "tests", "{870E6666-49DD-40D8-BB9C-FC91CC8A50F0}"
EndProject
Project("{2150E333-8FDC-42A3-9474-1A3956D46DE8}") = "PlanGeneration", "PlanGeneration", "{8110E1BC-741D-4567-80BD-B5FE41799A21}"
EndProject
Project("{2150E333-8FDC-42A3-9474-1A3956D46DE8}") = "ApiGateways", "ApiGateways", "{800F5932-5C45-402E-85BF-02ADC3D8084C}"
EndProject
Project("{2150E333-8FDC-42A3-9474-1A3956D46DE8}") = "BuildingBlocks", "BuildingBlocks", "{96D0E09D-75F9-4A85-B521-F2289A08970B}"
EndProject
Project("{2150E333-8FDC-42A3-9474-1A3956D46DE8}") = "Services", "Services", "{3EB2FE5D-E702-4B63-8EEF-F3DA12DEB006}"
EndProject
Project("{2150E333-8FDC-42A3-9474-1A3956D46DE8}") = "ApiGw-Base", "ApiGw-Base", "{FED6A08E-64B8-436C-81CA-D3121C9DA41D}"
EndProject
Project("{9A19103F-16F7-4668-BE54-9A1E7A4F7556}") = "PlanGeneration.API", "Src\Services\PlanGeneration\PlanGeneration.API\PlanGeneration.API.csproj", "{252E3403-4A0F-4F24-9023-13BD32137422}"
EndProject
Project("{FAE04EC0-301F-11D3-BF4B-00C04F79EFBC}") = "PlanGeneration.Domain", "Src\Services\PlanGeneration\PlanGeneration.Domain\PlanGeneration.Domain.csproj", "{3D131DBC-FA6A-4CA2-9530-9790F079C63C}"
EndProject
Project("{9A19103F-16F7-4668-BE54-9A1E7A4F7556}") = "PlanGeneration.Infrastructure", "Src\Services\PlanGeneration\PlanGeneration.Infrastructure\PlanGeneration.Infrastructure.csproj", "{2ED472D6-C171-4AB5-8109-5F3A5C3588CF}"
EndProject
Project("{2150E333-8FDC-42A3-9474-1A3956D46DE8}") = "Devspaces.Support", "Devspaces.Support", "{CFBF78B1-875F-4626-A6A0-CAF5653F46BE}"
EndProject
Project("{9A19103F-16F7-4668-BE54-9A1E7A4F7556}") = "Devspaces.Support", "Src\BuildingBlocks\Devspaces.Support\Devspaces.Support.csproj", "{A4EB0101-5DBA-49F5-855F-BE20DF1B1164}"
EndProject
Project("{2150E333-8FDC-42A3-9474-1A3956D46DE8}") = "EventBus", "EventBus", "{DC41996F-35D3-420E-83A2-BC814D37D967}"
EndProject
Project("{9A19103F-16F7-4668-BE54-9A1E7A4F7556}") = "EventBus", "Src\BuildingBlocks\EventBus\EventBus\EventBus.csproj", "{FB835A92-6909-4ACA-BBB5-FCFEDAE4D359}"
EndProject
Project("{9A19103F-16F7-4668-BE54-9A1E7A4F7556}") = "EventBusRabbitMQ", "Src\BuildingBlocks\EventBus\EventBusRabbitMQ\EventBusRabbitMQ.csproj", "{45FC92CB-A287-45CC-9F18-4A7AD79A0263}"
EndProject
Project("{9A19103F-16F7-4668-BE54-9A1E7A4F7556}") = "EventBusServiceBus", "Src\BuildingBlocks\EventBus\EventBusServiceBus\EventBusServiceBus.csproj", "{76B452AC-12D5-48EC-8C0F-EAAC98C81CA6}"
EndProject
Project("{9A19103F-16F7-4668-BE54-9A1E7A4F7556}") = "IntegrationEventLogEF", "Src\BuildingBlocks\EventBus\IntegrationEventLogEF\IntegrationEventLogEF.csproj", "{CFE74DE8-81B2-42EC-B9C4-4F122A950CE5}"
EndProject
Project("{2150E333-8FDC-42A3-9474-1A3956D46DE8}") = "WebHost", "WebHost", "{AEBDDC58-047F-47E6-A776-5FB40B5BB37C}"
EndProject
Project("{9A19103F-16F7-4668-BE54-9A1E7A4F7556}") = "WebHost.Customization", "Src\BuildingBlocks\WebHostCustomization\WebHost.Customization\WebHost.Customization.csproj", "{11243046-B35F-4802-8960-E0CA5C5B2869}"
EndProject
Project("{9A19103F-16F7-4668-BE54-9A1E7A4F7556}") = "OcelotApiGw", "Src\ApiGateways\ApiGw-Base\OcelotApiGw.csproj", "{C6DABE81-AA5A-4C65-B8F7-76CD6CA05B10}"
EndProject
Project("{2150E333-8FDC-42A3-9474-1A3956D46DE8}") = "Ordering", "Ordering", "{E5496133-EFF5-4BB4-AF01-EA6787B0A4E3}"
EndProject
Project("{9A19103F-16F7-4668-BE54-9A1E7A4F7556}") = "Ordering.API", "Src\Services\Ordering\Ordering.API\Ordering.API.csproj", "{8494E21C-A327-49F1-9FD4-AA3E594886E0}"
EndProject
Project("{9A19103F-16F7-4668-BE54-9A1E7A4F7556}") = "Ordering.BackgroundTasks", "Src\Services\Ordering\Ordering.BackgroundTasks\Ordering.BackgroundTasks.csproj", "{73B4AA96-4CDB-4F19-B8D5-744328550F0C}"
EndProject
Project("{9A19103F-16F7-4668-BE54-9A1E7A4F7556}") = "Ordering.Domain", "Src\Services\Ordering\Ordering.Domain\Ordering.Domain.csproj", "{9570EFAC-D68A-4746-B0A9-C00047C5B0BE}"
EndProject
Project("{9A19103F-16F7-4668-BE54-9A1E7A4F7556}") = "Ordering.Infrastructure", "Src\Services\Ordering\Ordering.Infrastructure\Ordering.Infrastructure.csproj", "{B1537632-A811-4790-B865-B7FB4C5069D6}"
EndProject
Project("{2150E333-8FDC-42A3-9474-1A3956D46DE8}") = "test", "test", "{56E5C66A-51D1-4749-88DF-F6F1A6BF10CE}"
EndProject
Project("{9A19103F-16F7-4668-BE54-9A1E7A4F7556}") = "Ordering.UnitTests", "Src\Services\Ordering\Ordering.UnitTests\Ordering.UnitTests.csproj", "{CF32E3FA-37CA-4F60-9EB7-4A6B67CD7C66}"
EndProject
Project("{9A19103F-16F7-4668-BE54-9A1E7A4F7556}") = "Ordering.FunctionalTests", "Src\Services\Ordering\Ordering.FunctionalTests\Ordering.FunctionalTests.csproj", "{7752ED6E-25AD-4ACB-ADE4-ABD3456A9446}"
EndProject
Project("{FAE04EC0-301F-11D3-BF4B-00C04F79EFBC}") = "PlanGeneration.BackgroundTask", "PlanGeneration.BackgroundTask\PlanGeneration.BackgroundTask.csproj", "{8957DA5F-FCDB-4328-8A1E-D9B858FF26AC}"
EndProject
Project("{9A19103F-16F7-4668-BE54-9A1E7A4F7556}") = "PlanGeneration.UnitTests", "Src\Services\PlanGeneration\PlanGeneration.UnitTests\PlanGeneration.UnitTests.csproj", "{7EA6F00C-489A-415F-B303-68082C845D16}"
EndProject
Project("{9A19103F-16F7-4668-BE54-9A1E7A4F7556}") = "Ordering.FunctionalTests", "Src\Services\PlanGeneration\Ordering.FunctionalTests\Ordering.FunctionalTests.csproj", "{306E6C0A-13EE-4709-979D-C48D73A606E7}"
EndProject
Project("{2150E333-8FDC-42A3-9474-1A3956D46DE8}") = "ServiceTests", "ServiceTests", "{A3751D9F-E105-40FE-8C05-F3B927FBFD13}"
EndProject
Project("{9A19103F-16F7-4668-BE54-9A1E7A4F7556}") = "Application.FunctionalTests", "test\ServicesTests\Application.FunctionalTests\Application.FunctionalTests.csproj", "{6A67EEED-C1EB-4057-8C6D-777972DED90D}"
EndProject
Project("{FAE04EC0-301F-11D3-BF4B-00C04F79EFBC}") = "LoadTest", "test\ServicesTests\LoadTest\LoadTest.csproj", "{969E793C-C413-490E-9C9D-B2B46DA5AF32}"
EndProject
Global
	GlobalSection(SolutionConfigurationPlatforms) = preSolution
		Debug|Any CPU = Debug|Any CPU
		Release|Any CPU = Release|Any CPU
	EndGlobalSection
	GlobalSection(ProjectConfigurationPlatforms) = postSolution
		{252E3403-4A0F-4F24-9023-13BD32137422}.Debug|Any CPU.ActiveCfg = Debug|Any CPU
		{252E3403-4A0F-4F24-9023-13BD32137422}.Debug|Any CPU.Build.0 = Debug|Any CPU
		{252E3403-4A0F-4F24-9023-13BD32137422}.Release|Any CPU.ActiveCfg = Release|Any CPU
		{252E3403-4A0F-4F24-9023-13BD32137422}.Release|Any CPU.Build.0 = Release|Any CPU
		{3D131DBC-FA6A-4CA2-9530-9790F079C63C}.Debug|Any CPU.ActiveCfg = Debug|Any CPU
		{3D131DBC-FA6A-4CA2-9530-9790F079C63C}.Debug|Any CPU.Build.0 = Debug|Any CPU
		{3D131DBC-FA6A-4CA2-9530-9790F079C63C}.Release|Any CPU.ActiveCfg = Release|Any CPU
		{3D131DBC-FA6A-4CA2-9530-9790F079C63C}.Release|Any CPU.Build.0 = Release|Any CPU
		{2ED472D6-C171-4AB5-8109-5F3A5C3588CF}.Debug|Any CPU.ActiveCfg = Debug|Any CPU
		{2ED472D6-C171-4AB5-8109-5F3A5C3588CF}.Debug|Any CPU.Build.0 = Debug|Any CPU
		{2ED472D6-C171-4AB5-8109-5F3A5C3588CF}.Release|Any CPU.ActiveCfg = Release|Any CPU
		{2ED472D6-C171-4AB5-8109-5F3A5C3588CF}.Release|Any CPU.Build.0 = Release|Any CPU
		{A4EB0101-5DBA-49F5-855F-BE20DF1B1164}.Debug|Any CPU.ActiveCfg = Debug|Any CPU
		{A4EB0101-5DBA-49F5-855F-BE20DF1B1164}.Debug|Any CPU.Build.0 = Debug|Any CPU
		{A4EB0101-5DBA-49F5-855F-BE20DF1B1164}.Release|Any CPU.ActiveCfg = Release|Any CPU
		{A4EB0101-5DBA-49F5-855F-BE20DF1B1164}.Release|Any CPU.Build.0 = Release|Any CPU
		{FB835A92-6909-4ACA-BBB5-FCFEDAE4D359}.Debug|Any CPU.ActiveCfg = Debug|Any CPU
		{FB835A92-6909-4ACA-BBB5-FCFEDAE4D359}.Debug|Any CPU.Build.0 = Debug|Any CPU
		{FB835A92-6909-4ACA-BBB5-FCFEDAE4D359}.Release|Any CPU.ActiveCfg = Release|Any CPU
		{FB835A92-6909-4ACA-BBB5-FCFEDAE4D359}.Release|Any CPU.Build.0 = Release|Any CPU
		{45FC92CB-A287-45CC-9F18-4A7AD79A0263}.Debug|Any CPU.ActiveCfg = Debug|Any CPU
		{45FC92CB-A287-45CC-9F18-4A7AD79A0263}.Debug|Any CPU.Build.0 = Debug|Any CPU
		{45FC92CB-A287-45CC-9F18-4A7AD79A0263}.Release|Any CPU.ActiveCfg = Release|Any CPU
		{45FC92CB-A287-45CC-9F18-4A7AD79A0263}.Release|Any CPU.Build.0 = Release|Any CPU
		{76B452AC-12D5-48EC-8C0F-EAAC98C81CA6}.Debug|Any CPU.ActiveCfg = Debug|Any CPU
		{76B452AC-12D5-48EC-8C0F-EAAC98C81CA6}.Debug|Any CPU.Build.0 = Debug|Any CPU
		{76B452AC-12D5-48EC-8C0F-EAAC98C81CA6}.Release|Any CPU.ActiveCfg = Release|Any CPU
		{76B452AC-12D5-48EC-8C0F-EAAC98C81CA6}.Release|Any CPU.Build.0 = Release|Any CPU
		{CFE74DE8-81B2-42EC-B9C4-4F122A950CE5}.Debug|Any CPU.ActiveCfg = Debug|Any CPU
		{CFE74DE8-81B2-42EC-B9C4-4F122A950CE5}.Debug|Any CPU.Build.0 = Debug|Any CPU
		{CFE74DE8-81B2-42EC-B9C4-4F122A950CE5}.Release|Any CPU.ActiveCfg = Release|Any CPU
		{CFE74DE8-81B2-42EC-B9C4-4F122A950CE5}.Release|Any CPU.Build.0 = Release|Any CPU
		{11243046-B35F-4802-8960-E0CA5C5B2869}.Debug|Any CPU.ActiveCfg = Debug|Any CPU
		{11243046-B35F-4802-8960-E0CA5C5B2869}.Debug|Any CPU.Build.0 = Debug|Any CPU
		{11243046-B35F-4802-8960-E0CA5C5B2869}.Release|Any CPU.ActiveCfg = Release|Any CPU
		{11243046-B35F-4802-8960-E0CA5C5B2869}.Release|Any CPU.Build.0 = Release|Any CPU
		{C6DABE81-AA5A-4C65-B8F7-76CD6CA05B10}.Debug|Any CPU.ActiveCfg = Debug|Any CPU
		{C6DABE81-AA5A-4C65-B8F7-76CD6CA05B10}.Debug|Any CPU.Build.0 = Debug|Any CPU
		{C6DABE81-AA5A-4C65-B8F7-76CD6CA05B10}.Release|Any CPU.ActiveCfg = Release|Any CPU
		{C6DABE81-AA5A-4C65-B8F7-76CD6CA05B10}.Release|Any CPU.Build.0 = Release|Any CPU
		{8494E21C-A327-49F1-9FD4-AA3E594886E0}.Debug|Any CPU.ActiveCfg = Debug|Any CPU
		{8494E21C-A327-49F1-9FD4-AA3E594886E0}.Debug|Any CPU.Build.0 = Debug|Any CPU
		{8494E21C-A327-49F1-9FD4-AA3E594886E0}.Release|Any CPU.ActiveCfg = Release|Any CPU
		{8494E21C-A327-49F1-9FD4-AA3E594886E0}.Release|Any CPU.Build.0 = Release|Any CPU
		{73B4AA96-4CDB-4F19-B8D5-744328550F0C}.Debug|Any CPU.ActiveCfg = Debug|Any CPU
		{73B4AA96-4CDB-4F19-B8D5-744328550F0C}.Debug|Any CPU.Build.0 = Debug|Any CPU
		{73B4AA96-4CDB-4F19-B8D5-744328550F0C}.Release|Any CPU.ActiveCfg = Release|Any CPU
		{73B4AA96-4CDB-4F19-B8D5-744328550F0C}.Release|Any CPU.Build.0 = Release|Any CPU
		{9570EFAC-D68A-4746-B0A9-C00047C5B0BE}.Debug|Any CPU.ActiveCfg = Debug|Any CPU
		{9570EFAC-D68A-4746-B0A9-C00047C5B0BE}.Debug|Any CPU.Build.0 = Debug|Any CPU
		{9570EFAC-D68A-4746-B0A9-C00047C5B0BE}.Release|Any CPU.ActiveCfg = Release|Any CPU
		{9570EFAC-D68A-4746-B0A9-C00047C5B0BE}.Release|Any CPU.Build.0 = Release|Any CPU
		{B1537632-A811-4790-B865-B7FB4C5069D6}.Debug|Any CPU.ActiveCfg = Debug|Any CPU
		{B1537632-A811-4790-B865-B7FB4C5069D6}.Debug|Any CPU.Build.0 = Debug|Any CPU
		{B1537632-A811-4790-B865-B7FB4C5069D6}.Release|Any CPU.ActiveCfg = Release|Any CPU
		{B1537632-A811-4790-B865-B7FB4C5069D6}.Release|Any CPU.Build.0 = Release|Any CPU
		{CF32E3FA-37CA-4F60-9EB7-4A6B67CD7C66}.Debug|Any CPU.ActiveCfg = Debug|Any CPU
		{CF32E3FA-37CA-4F60-9EB7-4A6B67CD7C66}.Debug|Any CPU.Build.0 = Debug|Any CPU
		{CF32E3FA-37CA-4F60-9EB7-4A6B67CD7C66}.Release|Any CPU.ActiveCfg = Release|Any CPU
		{CF32E3FA-37CA-4F60-9EB7-4A6B67CD7C66}.Release|Any CPU.Build.0 = Release|Any CPU
		{7752ED6E-25AD-4ACB-ADE4-ABD3456A9446}.Debug|Any CPU.ActiveCfg = Debug|Any CPU
		{7752ED6E-25AD-4ACB-ADE4-ABD3456A9446}.Debug|Any CPU.Build.0 = Debug|Any CPU
		{7752ED6E-25AD-4ACB-ADE4-ABD3456A9446}.Release|Any CPU.ActiveCfg = Release|Any CPU
		{7752ED6E-25AD-4ACB-ADE4-ABD3456A9446}.Release|Any CPU.Build.0 = Release|Any CPU
		{8957DA5F-FCDB-4328-8A1E-D9B858FF26AC}.Debug|Any CPU.ActiveCfg = Debug|Any CPU
		{8957DA5F-FCDB-4328-8A1E-D9B858FF26AC}.Debug|Any CPU.Build.0 = Debug|Any CPU
		{8957DA5F-FCDB-4328-8A1E-D9B858FF26AC}.Release|Any CPU.ActiveCfg = Release|Any CPU
		{8957DA5F-FCDB-4328-8A1E-D9B858FF26AC}.Release|Any CPU.Build.0 = Release|Any CPU
		{7EA6F00C-489A-415F-B303-68082C845D16}.Debug|Any CPU.ActiveCfg = Debug|Any CPU
		{7EA6F00C-489A-415F-B303-68082C845D16}.Debug|Any CPU.Build.0 = Debug|Any CPU
		{7EA6F00C-489A-415F-B303-68082C845D16}.Release|Any CPU.ActiveCfg = Release|Any CPU
		{7EA6F00C-489A-415F-B303-68082C845D16}.Release|Any CPU.Build.0 = Release|Any CPU
		{306E6C0A-13EE-4709-979D-C48D73A606E7}.Debug|Any CPU.ActiveCfg = Debug|Any CPU
		{306E6C0A-13EE-4709-979D-C48D73A606E7}.Debug|Any CPU.Build.0 = Debug|Any CPU
		{306E6C0A-13EE-4709-979D-C48D73A606E7}.Release|Any CPU.ActiveCfg = Release|Any CPU
		{306E6C0A-13EE-4709-979D-C48D73A606E7}.Release|Any CPU.Build.0 = Release|Any CPU
		{6A67EEED-C1EB-4057-8C6D-777972DED90D}.Debug|Any CPU.ActiveCfg = Debug|Any CPU
		{6A67EEED-C1EB-4057-8C6D-777972DED90D}.Debug|Any CPU.Build.0 = Debug|Any CPU
		{6A67EEED-C1EB-4057-8C6D-777972DED90D}.Release|Any CPU.ActiveCfg = Release|Any CPU
		{6A67EEED-C1EB-4057-8C6D-777972DED90D}.Release|Any CPU.Build.0 = Release|Any CPU
		{969E793C-C413-490E-9C9D-B2B46DA5AF32}.Debug|Any CPU.ActiveCfg = Debug|Any CPU
		{969E793C-C413-490E-9C9D-B2B46DA5AF32}.Debug|Any CPU.Build.0 = Debug|Any CPU
		{969E793C-C413-490E-9C9D-B2B46DA5AF32}.Release|Any CPU.ActiveCfg = Release|Any CPU
		{969E793C-C413-490E-9C9D-B2B46DA5AF32}.Release|Any CPU.Build.0 = Release|Any CPU
	EndGlobalSection
	GlobalSection(SolutionProperties) = preSolution
		HideSolutionNode = FALSE
	EndGlobalSection
	GlobalSection(NestedProjects) = preSolution
		{870E6666-49DD-40D8-BB9C-FC91CC8A50F0} = {8110E1BC-741D-4567-80BD-B5FE41799A21}
		{8110E1BC-741D-4567-80BD-B5FE41799A21} = {3EB2FE5D-E702-4B63-8EEF-F3DA12DEB006}
		{800F5932-5C45-402E-85BF-02ADC3D8084C} = {F475AA39-89DB-4F73-8DD0-BC5182FAF899}
		{96D0E09D-75F9-4A85-B521-F2289A08970B} = {F475AA39-89DB-4F73-8DD0-BC5182FAF899}
		{3EB2FE5D-E702-4B63-8EEF-F3DA12DEB006} = {F475AA39-89DB-4F73-8DD0-BC5182FAF899}
		{FED6A08E-64B8-436C-81CA-D3121C9DA41D} = {800F5932-5C45-402E-85BF-02ADC3D8084C}
		{252E3403-4A0F-4F24-9023-13BD32137422} = {8110E1BC-741D-4567-80BD-B5FE41799A21}
		{3D131DBC-FA6A-4CA2-9530-9790F079C63C} = {8110E1BC-741D-4567-80BD-B5FE41799A21}
		{2ED472D6-C171-4AB5-8109-5F3A5C3588CF} = {8110E1BC-741D-4567-80BD-B5FE41799A21}
		{CFBF78B1-875F-4626-A6A0-CAF5653F46BE} = {96D0E09D-75F9-4A85-B521-F2289A08970B}
		{A4EB0101-5DBA-49F5-855F-BE20DF1B1164} = {CFBF78B1-875F-4626-A6A0-CAF5653F46BE}
		{DC41996F-35D3-420E-83A2-BC814D37D967} = {96D0E09D-75F9-4A85-B521-F2289A08970B}
		{FB835A92-6909-4ACA-BBB5-FCFEDAE4D359} = {DC41996F-35D3-420E-83A2-BC814D37D967}
		{45FC92CB-A287-45CC-9F18-4A7AD79A0263} = {DC41996F-35D3-420E-83A2-BC814D37D967}
		{76B452AC-12D5-48EC-8C0F-EAAC98C81CA6} = {DC41996F-35D3-420E-83A2-BC814D37D967}
		{CFE74DE8-81B2-42EC-B9C4-4F122A950CE5} = {DC41996F-35D3-420E-83A2-BC814D37D967}
		{AEBDDC58-047F-47E6-A776-5FB40B5BB37C} = {96D0E09D-75F9-4A85-B521-F2289A08970B}
		{11243046-B35F-4802-8960-E0CA5C5B2869} = {AEBDDC58-047F-47E6-A776-5FB40B5BB37C}
		{C6DABE81-AA5A-4C65-B8F7-76CD6CA05B10} = {FED6A08E-64B8-436C-81CA-D3121C9DA41D}
		{E5496133-EFF5-4BB4-AF01-EA6787B0A4E3} = {3EB2FE5D-E702-4B63-8EEF-F3DA12DEB006}
		{8494E21C-A327-49F1-9FD4-AA3E594886E0} = {E5496133-EFF5-4BB4-AF01-EA6787B0A4E3}
		{73B4AA96-4CDB-4F19-B8D5-744328550F0C} = {E5496133-EFF5-4BB4-AF01-EA6787B0A4E3}
		{9570EFAC-D68A-4746-B0A9-C00047C5B0BE} = {E5496133-EFF5-4BB4-AF01-EA6787B0A4E3}
		{B1537632-A811-4790-B865-B7FB4C5069D6} = {E5496133-EFF5-4BB4-AF01-EA6787B0A4E3}
		{56E5C66A-51D1-4749-88DF-F6F1A6BF10CE} = {E5496133-EFF5-4BB4-AF01-EA6787B0A4E3}
		{CF32E3FA-37CA-4F60-9EB7-4A6B67CD7C66} = {56E5C66A-51D1-4749-88DF-F6F1A6BF10CE}
		{7752ED6E-25AD-4ACB-ADE4-ABD3456A9446} = {56E5C66A-51D1-4749-88DF-F6F1A6BF10CE}
		{8957DA5F-FCDB-4328-8A1E-D9B858FF26AC} = {8110E1BC-741D-4567-80BD-B5FE41799A21}
		{7EA6F00C-489A-415F-B303-68082C845D16} = {870E6666-49DD-40D8-BB9C-FC91CC8A50F0}
		{306E6C0A-13EE-4709-979D-C48D73A606E7} = {870E6666-49DD-40D8-BB9C-FC91CC8A50F0}
		{A3751D9F-E105-40FE-8C05-F3B927FBFD13} = {AD54736D-F4C6-458E-9FF9-1D7C5C7F5386}
		{6A67EEED-C1EB-4057-8C6D-777972DED90D} = {A3751D9F-E105-40FE-8C05-F3B927FBFD13}
		{969E793C-C413-490E-9C9D-B2B46DA5AF32} = {A3751D9F-E105-40FE-8C05-F3B927FBFD13}
	EndGlobalSection
	GlobalSection(ExtensibilityGlobals) = postSolution
		SolutionGuid = {BB2536D5-A2A2-4B6F-AE62-87F08581BF1A}
	EndGlobalSection
EndGlobal
